
Microsoft Visual Studio Solution File, Format Version 12.00
# Visual Studio Version 17
VisualStudioVersion = 17.0.31903.59
MinimumVisualStudioVersion = 10.0.40219.1
Project("{2150E333-8FDC-42A3-9474-1A3956D46DE8}") = "src", "src", "{64449F99-1564-4090-82FA-5433DDB285A5}"
EndProject
Project("{2150E333-8FDC-42A3-9474-1A3956D46DE8}") = "ClientesService", "ClientesService", "{105E411E-48D2-4A0E-97FA-42A4C24A7988}"
EndProject
Project("{FAE04EC0-301F-11D3-BF4B-00C04F79EFBC}") = "ClientesService.Domain", "src\ClientesService\ClientesService.Domain\ClientesService.Domain.csproj", "{183346A1-B6A5-4967-AD65-10D03F5139A0}"
EndProject
Project("{FAE04EC0-301F-11D3-BF4B-00C04F79EFBC}") = "ClientesService.Application", "src\ClientesService\ClientesService.Application\ClientesService.Application.csproj", "{7A133033-2A31-4948-83F0-233947E90867}"
EndProject
Project("{FAE04EC0-301F-11D3-BF4B-00C04F79EFBC}") = "ClientesService.Infrastructure", "src\ClientesService\ClientesService.Infrastructure\ClientesService.Infrastructure.csproj", "{64C8B90B-04E3-428B-A69B-1C8209C752C8}"
EndProject
Project("{FAE04EC0-301F-11D3-BF4B-00C04F79EFBC}") = "ClientesService.Api", "src\ClientesService\ClientesService.Api\ClientesService.Api.csproj", "{D9C3B70C-285E-43D5-B5BE-25DF70827230}"
EndProject
Global
	GlobalSection(SolutionConfigurationPlatforms) = preSolution
		Debug|Any CPU = Debug|Any CPU
		Release|Any CPU = Release|Any CPU
	EndGlobalSection
	GlobalSection(SolutionProperties) = preSolution
		HideSolutionNode = FALSE
	EndGlobalSection
	GlobalSection(ProjectConfigurationPlatforms) = postSolution
		{183346A1-B6A5-4967-AD65-10D03F5139A0}.Debug|Any CPU.ActiveCfg = Debug|Any CPU
		{183346A1-B6A5-4967-AD65-10D03F5139A0}.Debug|Any CPU.Build.0 = Debug|Any CPU
		{183346A1-B6A5-4967-AD65-10D03F5139A0}.Release|Any CPU.ActiveCfg = Release|Any CPU
		{183346A1-B6A5-4967-AD65-10D03F5139A0}.Release|Any CPU.Build.0 = Release|Any CPU
		{7A133033-2A31-4948-83F0-233947E90867}.Debug|Any CPU.ActiveCfg = Debug|Any CPU
		{7A133033-2A31-4948-83F0-233947E90867}.Debug|Any CPU.Build.0 = Debug|Any CPU
		{7A133033-2A31-4948-83F0-233947E90867}.Release|Any CPU.ActiveCfg = Release|Any CPU
		{7A133033-2A31-4948-83F0-233947E90867}.Release|Any CPU.Build.0 = Release|Any CPU
		{64C8B90B-04E3-428B-A69B-1C8209C752C8}.Debug|Any CPU.ActiveCfg = Debug|Any CPU
		{64C8B90B-04E3-428B-A69B-1C8209C752C8}.Debug|Any CPU.Build.0 = Debug|Any CPU
		{64C8B90B-04E3-428B-A69B-1C8209C752C8}.Release|Any CPU.ActiveCfg = Release|Any CPU
		{64C8B90B-04E3-428B-A69B-1C8209C752C8}.Release|Any CPU.Build.0 = Release|Any CPU
		{D9C3B70C-285E-43D5-B5BE-25DF70827230}.Debug|Any CPU.ActiveCfg = Debug|Any CPU
		{D9C3B70C-285E-43D5-B5BE-25DF70827230}.Debug|Any CPU.Build.0 = Debug|Any CPU
		{D9C3B70C-285E-43D5-B5BE-25DF70827230}.Release|Any CPU.ActiveCfg = Release|Any CPU
		{D9C3B70C-285E-43D5-B5BE-25DF70827230}.Release|Any CPU.Build.0 = Release|Any CPU
	EndGlobalSection
	GlobalSection(NestedProjects) = preSolution
		{105E411E-48D2-4A0E-97FA-42A4C24A7988} = {64449F99-1564-4090-82FA-5433DDB285A5}
		{183346A1-B6A5-4967-AD65-10D03F5139A0} = {105E411E-48D2-4A0E-97FA-42A4C24A7988}
		{7A133033-2A31-4948-83F0-233947E90867} = {105E411E-48D2-4A0E-97FA-42A4C24A7988}
		{64C8B90B-04E3-428B-A69B-1C8209C752C8} = {105E411E-48D2-4A0E-97FA-42A4C24A7988}
		{D9C3B70C-285E-43D5-B5BE-25DF70827230} = {105E411E-48D2-4A0E-97FA-42A4C24A7988}
	EndGlobalSection
EndGlobal
